
Microsoft Visual Studio Solution File, Format Version 12.00
# Visual Studio Version 16
VisualStudioVersion = 16.0.29201.188
MinimumVisualStudioVersion = 10.0.40219.1
Project("{FAE04EC0-301F-11D3-BF4B-00C04F79EFBC}") = "Art Gallery 3 (Git) Master", "Art Gallery 3 (Git) Master\Art Gallery 3 (Git) Master.csproj", "{6278A118-2037-42B7-8014-E9909ED38BEA}"
EndProject
Project("{2150E333-8FDC-42A3-9474-1A3956D46DE8}") = "Gallery3", "Gallery3", "{512E6EDD-19B4-4292-8D79-78CCC3374BA9}"
EndProject
Project("{FAE04EC0-301F-11D3-BF4B-00C04F79EFBC}") = "Gallery3Selfhost", "Galler3Selfhost\Gallery3Selfhost.csproj", "{AB40A984-7B5C-4A75-9116-8E74B90787D7}"
EndProject
Project("{FAE04EC0-301F-11D3-BF4B-00C04F79EFBC}") = "Gallery3WinForm", "Gallery3WinForm\Gallery3WinForm.csproj", "{DF0DE478-8089-432C-B017-D6C5F74646D9}"
EndProject
Global
	GlobalSection(SolutionConfigurationPlatforms) = preSolution
		Debug|Any CPU = Debug|Any CPU
		Debug|ARM = Debug|ARM
		Debug|Mixed Platforms = Debug|Mixed Platforms
		Debug|x86 = Debug|x86
		Release|Any CPU = Release|Any CPU
		Release|ARM = Release|ARM
		Release|Mixed Platforms = Release|Mixed Platforms
		Release|x86 = Release|x86
	EndGlobalSection
	GlobalSection(ProjectConfigurationPlatforms) = postSolution
		{6278A118-2037-42B7-8014-E9909ED38BEA}.Debug|Any CPU.ActiveCfg = Debug|Any CPU
		{6278A118-2037-42B7-8014-E9909ED38BEA}.Debug|Any CPU.Build.0 = Debug|Any CPU
		{6278A118-2037-42B7-8014-E9909ED38BEA}.Debug|ARM.ActiveCfg = Debug|Any CPU
		{6278A118-2037-42B7-8014-E9909ED38BEA}.Debug|ARM.Build.0 = Debug|Any CPU
		{6278A118-2037-42B7-8014-E9909ED38BEA}.Debug|Mixed Platforms.ActiveCfg = Debug|Any CPU
		{6278A118-2037-42B7-8014-E9909ED38BEA}.Debug|Mixed Platforms.Build.0 = Debug|Any CPU
		{6278A118-2037-42B7-8014-E9909ED38BEA}.Debug|x86.ActiveCfg = Debug|Any CPU
		{6278A118-2037-42B7-8014-E9909ED38BEA}.Debug|x86.Build.0 = Debug|Any CPU
		{6278A118-2037-42B7-8014-E9909ED38BEA}.Release|Any CPU.ActiveCfg = Release|Any CPU
		{6278A118-2037-42B7-8014-E9909ED38BEA}.Release|Any CPU.Build.0 = Release|Any CPU
		{6278A118-2037-42B7-8014-E9909ED38BEA}.Release|ARM.ActiveCfg = Release|Any CPU
		{6278A118-2037-42B7-8014-E9909ED38BEA}.Release|ARM.Build.0 = Release|Any CPU
		{6278A118-2037-42B7-8014-E9909ED38BEA}.Release|Mixed Platforms.ActiveCfg = Release|Any CPU
		{6278A118-2037-42B7-8014-E9909ED38BEA}.Release|Mixed Platforms.Build.0 = Release|Any CPU
		{6278A118-2037-42B7-8014-E9909ED38BEA}.Release|x86.ActiveCfg = Release|Any CPU
		{6278A118-2037-42B7-8014-E9909ED38BEA}.Release|x86.Build.0 = Release|Any CPU
		{AB40A984-7B5C-4A75-9116-8E74B90787D7}.Debug|Any CPU.ActiveCfg = Debug|Any CPU
		{AB40A984-7B5C-4A75-9116-8E74B90787D7}.Debug|Any CPU.Build.0 = Debug|Any CPU
		{AB40A984-7B5C-4A75-9116-8E74B90787D7}.Debug|ARM.ActiveCfg = Debug|Any CPU
		{AB40A984-7B5C-4A75-9116-8E74B90787D7}.Debug|ARM.Build.0 = Debug|Any CPU
		{AB40A984-7B5C-4A75-9116-8E74B90787D7}.Debug|Mixed Platforms.ActiveCfg = Debug|Any CPU
		{AB40A984-7B5C-4A75-9116-8E74B90787D7}.Debug|Mixed Platforms.Build.0 = Debug|Any CPU
		{AB40A984-7B5C-4A75-9116-8E74B90787D7}.Debug|x86.ActiveCfg = Debug|Any CPU
		{AB40A984-7B5C-4A75-9116-8E74B90787D7}.Debug|x86.Build.0 = Debug|Any CPU
		{AB40A984-7B5C-4A75-9116-8E74B90787D7}.Release|Any CPU.ActiveCfg = Release|Any CPU
		{AB40A984-7B5C-4A75-9116-8E74B90787D7}.Release|Any CPU.Build.0 = Release|Any CPU
		{AB40A984-7B5C-4A75-9116-8E74B90787D7}.Release|ARM.ActiveCfg = Release|Any CPU
		{AB40A984-7B5C-4A75-9116-8E74B90787D7}.Release|ARM.Build.0 = Release|Any CPU
		{AB40A984-7B5C-4A75-9116-8E74B90787D7}.Release|Mixed Platforms.ActiveCfg = Release|Any CPU
		{AB40A984-7B5C-4A75-9116-8E74B90787D7}.Release|Mixed Platforms.Build.0 = Release|Any CPU
		{AB40A984-7B5C-4A75-9116-8E74B90787D7}.Release|x86.ActiveCfg = Release|Any CPU
		{AB40A984-7B5C-4A75-9116-8E74B90787D7}.Release|x86.Build.0 = Release|Any CPU
		{DF0DE478-8089-432C-B017-D6C5F74646D9}.Debug|Any CPU.ActiveCfg = Debug|Any CPU
		{DF0DE478-8089-432C-B017-D6C5F74646D9}.Debug|Any CPU.Build.0 = Debug|Any CPU
		{DF0DE478-8089-432C-B017-D6C5F74646D9}.Debug|ARM.ActiveCfg = Debug|Any CPU
		{DF0DE478-8089-432C-B017-D6C5F74646D9}.Debug|ARM.Build.0 = Debug|Any CPU
		{DF0DE478-8089-432C-B017-D6C5F74646D9}.Debug|Mixed Platforms.ActiveCfg = Debug|Any CPU
		{DF0DE478-8089-432C-B017-D6C5F74646D9}.Debug|Mixed Platforms.Build.0 = Debug|Any CPU
		{DF0DE478-8089-432C-B017-D6C5F74646D9}.Debug|x86.ActiveCfg = Debug|Any CPU
		{DF0DE478-8089-432C-B017-D6C5F74646D9}.Debug|x86.Build.0 = Debug|Any CPU
		{DF0DE478-8089-432C-B017-D6C5F74646D9}.Release|Any CPU.ActiveCfg = Release|Any CPU
		{DF0DE478-8089-432C-B017-D6C5F74646D9}.Release|Any CPU.Build.0 = Release|Any CPU
		{DF0DE478-8089-432C-B017-D6C5F74646D9}.Release|ARM.ActiveCfg = Release|Any CPU
		{DF0DE478-8089-432C-B017-D6C5F74646D9}.Release|ARM.Build.0 = Release|Any CPU
		{DF0DE478-8089-432C-B017-D6C5F74646D9}.Release|Mixed Platforms.ActiveCfg = Release|Any CPU
		{DF0DE478-8089-432C-B017-D6C5F74646D9}.Release|Mixed Platforms.Build.0 = Release|Any CPU
		{DF0DE478-8089-432C-B017-D6C5F74646D9}.Release|x86.ActiveCfg = Release|Any CPU
		{DF0DE478-8089-432C-B017-D6C5F74646D9}.Release|x86.Build.0 = Release|Any CPU
	EndGlobalSection
	GlobalSection(SolutionProperties) = preSolution
		HideSolutionNode = FALSE
	EndGlobalSection
	GlobalSection(NestedProjects) = preSolution
		{AB40A984-7B5C-4A75-9116-8E74B90787D7} = {512E6EDD-19B4-4292-8D79-78CCC3374BA9}
		{DF0DE478-8089-432C-B017-D6C5F74646D9} = {512E6EDD-19B4-4292-8D79-78CCC3374BA9}
	EndGlobalSection
	GlobalSection(ExtensibilityGlobals) = postSolution
		SolutionGuid = {7ACEFF87-8EEE-4F48-B3A7-F2B29C7A57E6}
	EndGlobalSection
EndGlobal
